dependencies:
- name: abacus
  repository: ""
  version: 0.1.0
- name: attributes
  repository: ""
  version: 0.1.0
- name: claims
  repository: ""
  version: 0.1.0
- name: entitlement
  repository: ""
  version: 0.1.0
- name: key-access
  repository: ""
  version: 0.1.0
- name: bootstrap
  repository: ""
  version: 0.1.0
- name: keycloak
  repository: https://charts.bitnami.com/bitnami
  version: 7.1.6
- name: postgresql
  repository: https://charts.bitnami.com/bitnami
  version: 10.9.5
- name: statsd
  repository: https://keyporttech.github.io/helm-charts
  version: 0.1.19
- name: ingress-nginx
  repository: https://kubernetes.github.io/ingress-nginx
  version: 4.0.18
digest: sha256:defd66a855a9efc0279040e50d806d8570ebb37e88c8d1755a14aeb7614afeef
generated: "2022-03-22T10:22:41.843807-04:00"
