dependencies:
- name: abacus
  repository: ""
  version: 0.1.0
- name: attributes
  repository: ""
  version: 0.1.0
- name: claims
  repository: ""
  version: 0.1.0
- name: entitlement
  repository: ""
  version: 0.1.0
- name: key-access
  repository: ""
  version: 0.1.0
- name: bootstrap
  repository: ""
  version: 0.1.0
- name: keycloak
  repository: https://charts.bitnami.com/bitnami
  version: 5.1.1
- name: postgresql
  repository: https://charts.bitnami.com/bitnami
  version: 10.9.5
- name: statsd
  repository: https://keyporttech.github.io/helm-charts
  version: 0.1.19
- name: ingress-nginx
  repository: https://kubernetes.github.io/ingress-nginx
  version: 4.0.1
digest: sha256:d8284eeb0a760cac53d0a9f4ce775f49912e2a23fc3245b1000676ae3068eeb1
generated: "2021-10-10T20:14:50.755109-04:00"
