dependencies:
- name: abacus
  repository: ""
  version: 0.1.0
- name: attributes
  repository: ""
  version: 0.1.0
- name: claims
  repository: ""
  version: 0.1.0
- name: entitlement
  repository: ""
  version: 0.1.0
- name: key-access
  repository: ""
  version: 0.1.0
- name: keycloak-bootstrap
  repository: ""
  version: 0.1.6
- name: keycloak
  repository: https://charts.bitnami.com/bitnami
  version: 5.1.1
- name: postgresql
  repository: https://charts.bitnami.com/bitnami
  version: 10.9.5
- name: statsd
  repository: https://keyporttech.github.io/helm-charts
  version: 0.1.19
- name: ingress-nginx
  repository: https://kubernetes.github.io/ingress-nginx
  version: 4.0.1
digest: sha256:b48724de4041bf41b9d9ba8b7d5a3f31b09a4695e466b7a63b8f9a04a58f4947
generated: "2021-10-04T10:58:53.759956-04:00"
